// !$*UTF8*$!
{
	archiveVersion = 1;
	classes = {
	};
	objectVersion = 46;
	objects = {

/* Begin PBXBuildFile section */
		49E0EBA51E70E3750050EE18 /* RegisterViewController.swift in Sources */ = {isa = PBXBuildFile; fileRef = 49E0EBA31E70E3750050EE18 /* RegisterViewController.swift */; };
		49E0EBA61E70E3750050EE18 /* RegisterViewController.xib in Resources */ = {isa = PBXBuildFile; fileRef = 49E0EBA41E70E3750050EE18 /* RegisterViewController.xib */; };
		49E0EBA81E70FB010050EE18 /* RegisterView.swift in Sources */ = {isa = PBXBuildFile; fileRef = 49E0EBA71E70FB010050EE18 /* RegisterView.swift */; };
		49FA82C21E67A52B00C909C5 /* MediaAuthentication.xcassets in Resources */ = {isa = PBXBuildFile; fileRef = 49FA82C11E67A52B00C909C5 /* MediaAuthentication.xcassets */; };
		49FA82C81E67E21A00C909C5 /* NewsViewCell.swift in Sources */ = {isa = PBXBuildFile; fileRef = 49FA82C61E67E21A00C909C5 /* NewsViewCell.swift */; };
		49FA82C91E67E21A00C909C5 /* NewsViewCell.xib in Resources */ = {isa = PBXBuildFile; fileRef = 49FA82C71E67E21A00C909C5 /* NewsViewCell.xib */; };
		49FA82CC1E67FE9D00C909C5 /* IntroViewController.swift in Sources */ = {isa = PBXBuildFile; fileRef = 49FA82CB1E67FE9D00C909C5 /* IntroViewController.swift */; };
		49FA82CE1E67FEE500C909C5 /* MedialItems.xcstickers in Resources */ = {isa = PBXBuildFile; fileRef = 49FA82CD1E67FEE500C909C5 /* MedialItems.xcstickers */; };
		70DE71A9474B64668A6C5218 /* Pods_Mall.framework in Frameworks */ = {isa = PBXBuildFile; fileRef = FF1AC11FAE5F3453835E2565 /* Pods_Mall.framework */; };
		F00A944F1E64AA8600630EE8 /* AppDelegate.swift in Sources */ = {isa = PBXBuildFile; fileRef = F00A944E1E64AA8600630EE8 /* AppDelegate.swift */; };
		F00A94511E64AA8600630EE8 /* ViewController.swift in Sources */ = {isa = PBXBuildFile; fileRef = F00A94501E64AA8600630EE8 /* ViewController.swift */; };
		F00A94541E64AA8600630EE8 /* Main.storyboard in Resources */ = {isa = PBXBuildFile; fileRef = F00A94521E64AA8600630EE8 /* Main.storyboard */; };
		F00A94561E64AA8600630EE8 /* Assets.xcassets in Resources */ = {isa = PBXBuildFile; fileRef = F00A94551E64AA8600630EE8 /* Assets.xcassets */; };
		F00A94591E64AA8600630EE8 /* LaunchScreen.storyboard in Resources */ = {isa = PBXBuildFile; fileRef = F00A94571E64AA8600630EE8 /* LaunchScreen.storyboard */; };
		F00A946A1E64D89000630EE8 /* LeftMenuViewController.swift in Sources */ = {isa = PBXBuildFile; fileRef = F00A94681E64D89000630EE8 /* LeftMenuViewController.swift */; };
		F00A946B1E64D89000630EE8 /* LeftMenuViewController.xib in Resources */ = {isa = PBXBuildFile; fileRef = F00A94691E64D89000630EE8 /* LeftMenuViewController.xib */; };
		F00A946F1E64DA5100630EE8 /* HomeViewController.swift in Sources */ = {isa = PBXBuildFile; fileRef = F00A946D1E64DA5100630EE8 /* HomeViewController.swift */; };
		F00A94701E64DA5100630EE8 /* HomeViewController.xib in Resources */ = {isa = PBXBuildFile; fileRef = F00A946E1E64DA5100630EE8 /* HomeViewController.xib */; };
		F00A94741E64ED3800630EE8 /* ColorExtensions.swift in Sources */ = {isa = PBXBuildFile; fileRef = F00A94721E64ED3800630EE8 /* ColorExtensions.swift */; };
		F00A94751E64ED3800630EE8 /* NumberExtensions.swift in Sources */ = {isa = PBXBuildFile; fileRef = F00A94731E64ED3800630EE8 /* NumberExtensions.swift */; };
		F026A5571E67CF680078C717 /* UserNotifications.framework in Frameworks */ = {isa = PBXBuildFile; fileRef = F026A5561E67CF680078C717 /* UserNotifications.framework */; };
		F08FAD411E67BBEC0065A2C6 /* AppDelegateExtension.swift in Sources */ = {isa = PBXBuildFile; fileRef = F08FAD401E67BBEC0065A2C6 /* AppDelegateExtension.swift */; };
		F0C2AC1C1E650B4A00612CBC /* SWRevealViewController.m in Sources */ = {isa = PBXBuildFile; fileRef = F0C2AC1B1E650B4A00612CBC /* SWRevealViewController.m */; };
		F0C2AC201E65216300612CBC /* ItemMenuTableViewCell.swift in Sources */ = {isa = PBXBuildFile; fileRef = F0C2AC1E1E65216300612CBC /* ItemMenuTableViewCell.swift */; };
		F0C2AC211E65216300612CBC /* ItemMenuTableViewCell.xib in Resources */ = {isa = PBXBuildFile; fileRef = F0C2AC1F1E65216300612CBC /* ItemMenuTableViewCell.xib */; };
		F0C2AC231E652AD100612CBC /* ItemMenu.swift in Sources */ = {isa = PBXBuildFile; fileRef = F0C2AC221E652AD100612CBC /* ItemMenu.swift */; };
		F0C2AC251E66215400612CBC /* MediaMenu.xcassets in Resources */ = {isa = PBXBuildFile; fileRef = F0C2AC241E66215400612CBC /* MediaMenu.xcassets */; };
		F0E8E6351E6650CC00C68F85 /* LogInViewController.swift in Sources */ = {isa = PBXBuildFile; fileRef = F0E8E6331E6650CC00C68F85 /* LogInViewController.swift */; };
		F0E8E6361E6650CC00C68F85 /* LogInViewController.xib in Resources */ = {isa = PBXBuildFile; fileRef = F0E8E6341E6650CC00C68F85 /* LogInViewController.xib */; };
		F0E8E6381E665FED00C68F85 /* GoogleService-Info.plist in Resources */ = {isa = PBXBuildFile; fileRef = F0E8E6371E665FED00C68F85 /* GoogleService-Info.plist */; };
/* End PBXBuildFile section */

/* Begin PBXFileReference section */
		49E0EBA31E70E3750050EE18 /* RegisterViewController.swift */ = {isa = PBXFileReference; fileEncoding = 4; lastKnownFileType = sourcecode.swift; path = RegisterViewController.swift; sourceTree = "<group>"; };
		49E0EBA41E70E3750050EE18 /* RegisterViewController.xib */ = {isa = PBXFileReference; fileEncoding = 4; lastKnownFileType = file.xib; path = RegisterViewController.xib; sourceTree = "<group>"; };
		49E0EBA71E70FB010050EE18 /* RegisterView.swift */ = {isa = PBXFileReference; fileEncoding = 4; lastKnownFileType = sourcecode.swift; path = RegisterView.swift; sourceTree = "<group>"; };
		49FA82C11E67A52B00C909C5 /* MediaAuthentication.xcassets */ = {isa = PBXFileReference; lastKnownFileType = folder.assetcatalog; path = MediaAuthentication.xcassets; sourceTree = "<group>"; };
		49FA82C61E67E21A00C909C5 /* NewsViewCell.swift */ = {isa = PBXFileReference; fileEncoding = 4; lastKnownFileType = sourcecode.swift; path = NewsViewCell.swift; sourceTree = "<group>"; };
		49FA82C71E67E21A00C909C5 /* NewsViewCell.xib */ = {isa = PBXFileReference; fileEncoding = 4; lastKnownFileType = file.xib; path = NewsViewCell.xib; sourceTree = "<group>"; };
		49FA82CB1E67FE9D00C909C5 /* IntroViewController.swift */ = {isa = PBXFileReference; fileEncoding = 4; lastKnownFileType = sourcecode.swift; path = IntroViewController.swift; sourceTree = "<group>"; };
		49FA82CD1E67FEE500C909C5 /* MedialItems.xcstickers */ = {isa = PBXFileReference; lastKnownFileType = folder.stickers; path = MedialItems.xcstickers; sourceTree = "<group>"; };
		CA497B72188E32824980D6B8 /* Pods-Mall.release.xcconfig */ = {isa = PBXFileReference; includeInIndex = 1; lastKnownFileType = text.xcconfig; name = "Pods-Mall.release.xcconfig"; path = "Pods/Target Support Files/Pods-Mall/Pods-Mall.release.xcconfig"; sourceTree = "<group>"; };
		F009A9C31E67D38500EBAD25 /* Mall.entitlements */ = {isa = PBXFileReference; lastKnownFileType = text.plist.entitlements; path = Mall.entitlements; sourceTree = "<group>"; };
		F00A944B1E64AA8600630EE8 /* Mall.app */ = {isa = PBXFileReference; explicitFileType = wrapper.application; includeInIndex = 0; path = Mall.app; sourceTree = BUILT_PRODUCTS_DIR; };
		F00A944E1E64AA8600630EE8 /* AppDelegate.swift */ = {isa = PBXFileReference; lastKnownFileType = sourcecode.swift; path = AppDelegate.swift; sourceTree = "<group>"; };
		F00A94501E64AA8600630EE8 /* ViewController.swift */ = {isa = PBXFileReference; lastKnownFileType = sourcecode.swift; path = ViewController.swift; sourceTree = "<group>"; };
		F00A94531E64AA8600630EE8 /* Base */ = {isa = PBXFileReference; lastKnownFileType = file.storyboard; name = Base; path = Base.lproj/Main.storyboard; sourceTree = "<group>"; };
		F00A94551E64AA8600630EE8 /* Assets.xcassets */ = {isa = PBXFileReference; lastKnownFileType = folder.assetcatalog; path = Assets.xcassets; sourceTree = "<group>"; };
		F00A94581E64AA8600630EE8 /* Base */ = {isa = PBXFileReference; lastKnownFileType = file.storyboard; name = Base; path = Base.lproj/LaunchScreen.storyboard; sourceTree = "<group>"; };
		F00A945A1E64AA8600630EE8 /* Info.plist */ = {isa = PBXFileReference; lastKnownFileType = text.plist.xml; path = Info.plist; sourceTree = "<group>"; };
		F00A94641E64B92900630EE8 /* Mall-Header.h */ = {isa = PBXFileReference; fileEncoding = 4; lastKnownFileType = sourcecode.c.h; path = "Mall-Header.h"; sourceTree = "<group>"; };
		F00A94681E64D89000630EE8 /* LeftMenuViewController.swift */ = {isa = PBXFileReference; fileEncoding = 4; lastKnownFileType = sourcecode.swift; path = LeftMenuViewController.swift; sourceTree = "<group>"; };
		F00A94691E64D89000630EE8 /* LeftMenuViewController.xib */ = {isa = PBXFileReference; fileEncoding = 4; lastKnownFileType = file.xib; path = LeftMenuViewController.xib; sourceTree = "<group>"; };
		F00A946D1E64DA5100630EE8 /* HomeViewController.swift */ = {isa = PBXFileReference; fileEncoding = 4; lastKnownFileType = sourcecode.swift; path = HomeViewController.swift; sourceTree = "<group>"; };
		F00A946E1E64DA5100630EE8 /* HomeViewController.xib */ = {isa = PBXFileReference; fileEncoding = 4; lastKnownFileType = file.xib; path = HomeViewController.xib; sourceTree = "<group>"; };
		F00A94721E64ED3800630EE8 /* ColorExtensions.swift */ = {isa = PBXFileReference; fileEncoding = 4; lastKnownFileType = sourcecode.swift; path = ColorExtensions.swift; sourceTree = "<group>"; };
		F00A94731E64ED3800630EE8 /* NumberExtensions.swift */ = {isa = PBXFileReference; fileEncoding = 4; lastKnownFileType = sourcecode.swift; path = NumberExtensions.swift; sourceTree = "<group>"; };
		F026A5561E67CF680078C717 /* UserNotifications.framework */ = {isa = PBXFileReference; lastKnownFileType = wrapper.framework; name = UserNotifications.framework; path = System/Library/Frameworks/UserNotifications.framework; sourceTree = SDKROOT; };
		F08FAD401E67BBEC0065A2C6 /* AppDelegateExtension.swift */ = {isa = PBXFileReference; fileEncoding = 4; lastKnownFileType = sourcecode.swift; path = AppDelegateExtension.swift; sourceTree = "<group>"; };
		F0C2AC1A1E650B4A00612CBC /* SWRevealViewController.h */ = {isa = PBXFileReference; fileEncoding = 4; lastKnownFileType = sourcecode.c.h; path = SWRevealViewController.h; sourceTree = "<group>"; };
		F0C2AC1B1E650B4A00612CBC /* SWRevealViewController.m */ = {isa = PBXFileReference; fileEncoding = 4; lastKnownFileType = sourcecode.c.objc; path = SWRevealViewController.m; sourceTree = "<group>"; };
		F0C2AC1E1E65216300612CBC /* ItemMenuTableViewCell.swift */ = {isa = PBXFileReference; fileEncoding = 4; lastKnownFileType = sourcecode.swift; path = ItemMenuTableViewCell.swift; sourceTree = "<group>"; };
		F0C2AC1F1E65216300612CBC /* ItemMenuTableViewCell.xib */ = {isa = PBXFileReference; fileEncoding = 4; lastKnownFileType = file.xib; path = ItemMenuTableViewCell.xib; sourceTree = "<group>"; };
		F0C2AC221E652AD100612CBC /* ItemMenu.swift */ = {isa = PBXFileReference; fileEncoding = 4; lastKnownFileType = sourcecode.swift; path = ItemMenu.swift; sourceTree = "<group>"; };
		F0C2AC241E66215400612CBC /* MediaMenu.xcassets */ = {isa = PBXFileReference; lastKnownFileType = folder.assetcatalog; path = MediaMenu.xcassets; sourceTree = "<group>"; };
		F0E8E6331E6650CC00C68F85 /* LogInViewController.swift */ = {isa = PBXFileReference; fileEncoding = 4; lastKnownFileType = sourcecode.swift; path = LogInViewController.swift; sourceTree = "<group>"; };
		F0E8E6341E6650CC00C68F85 /* LogInViewController.xib */ = {isa = PBXFileReference; fileEncoding = 4; lastKnownFileType = file.xib; path = LogInViewController.xib; sourceTree = "<group>"; };
		F0E8E6371E665FED00C68F85 /* GoogleService-Info.plist */ = {isa = PBXFileReference; fileEncoding = 4; lastKnownFileType = text.plist.xml; path = "GoogleService-Info.plist"; sourceTree = "<group>"; };
		F4675C2791E1BACACCC49343 /* Pods-Mall.debug.xcconfig */ = {isa = PBXFileReference; includeInIndex = 1; lastKnownFileType = text.xcconfig; name = "Pods-Mall.debug.xcconfig"; path = "Pods/Target Support Files/Pods-Mall/Pods-Mall.debug.xcconfig"; sourceTree = "<group>"; };
		FF1AC11FAE5F3453835E2565 /* Pods_Mall.framework */ = {isa = PBXFileReference; explicitFileType = wrapper.framework; includeInIndex = 0; path = Pods_Mall.framework; sourceTree = BUILT_PRODUCTS_DIR; };
/* End PBXFileReference section */

/* Begin PBXFrameworksBuildPhase section */
		F00A94481E64AA8300630EE8 /* Frameworks */ = {
			isa = PBXFrameworksBuildPhase;
			buildActionMask = 2147483647;
			files = (
				F026A5571E67CF680078C717 /* UserNotifications.framework in Frameworks */,
				70DE71A9474B64668A6C5218 /* Pods_Mall.framework in Frameworks */,
			);
			runOnlyForDeploymentPostprocessing = 0;
		};
/* End PBXFrameworksBuildPhase section */

/* Begin PBXGroup section */
		128014FCB0197CB77799311F /* Pods */ = {
			isa = PBXGroup;
			children = (
				F4675C2791E1BACACCC49343 /* Pods-Mall.debug.xcconfig */,
				CA497B72188E32824980D6B8 /* Pods-Mall.release.xcconfig */,
			);
			name = Pods;
			sourceTree = "<group>";
		};
		49FA82C31E67D8EE00C909C5 /* Views */ = {
			isa = PBXGroup;
			children = (
				49FA82C61E67E21A00C909C5 /* NewsViewCell.swift */,
				49FA82C71E67E21A00C909C5 /* NewsViewCell.xib */,
			);
			path = Views;
			sourceTree = "<group>";
		};
		49FA82CA1E67FE7600C909C5 /* IntroViewController */ = {
			isa = PBXGroup;
			children = (
				49FA82CB1E67FE9D00C909C5 /* IntroViewController.swift */,
				49FA82CD1E67FEE500C909C5 /* MedialItems.xcstickers */,
			);
			path = IntroViewController;
			sourceTree = "<group>";
		};
		49FA82CF1E685FC200C909C5 /* Register */ = {
			isa = PBXGroup;
			children = (
				49E0EBA31E70E3750050EE18 /* RegisterViewController.swift */,
				49E0EBA41E70E3750050EE18 /* RegisterViewController.xib */,
				49E0EBA71E70FB010050EE18 /* RegisterView.swift */,
			);
			path = Register;
			sourceTree = "<group>";
		};
		7DA568E8150EF5BA008B7B75 /* Frameworks */ = {
			isa = PBXGroup;
			children = (
				F026A5561E67CF680078C717 /* UserNotifications.framework */,
				FF1AC11FAE5F3453835E2565 /* Pods_Mall.framework */,
			);
			name = Frameworks;
			sourceTree = "<group>";
		};
		F00A94421E64AA8300630EE8 = {
			isa = PBXGroup;
			children = (
				F00A94641E64B92900630EE8 /* Mall-Header.h */,
				F00A944D1E64AA8600630EE8 /* Mall */,
				F00A944C1E64AA8600630EE8 /* Products */,
				128014FCB0197CB77799311F /* Pods */,
				7DA568E8150EF5BA008B7B75 /* Frameworks */,
			);
			sourceTree = "<group>";
		};
		F00A944C1E64AA8600630EE8 /* Products */ = {
			isa = PBXGroup;
			children = (
				F00A944B1E64AA8600630EE8 /* Mall.app */,
			);
			name = Products;
			sourceTree = "<group>";
		};
		F00A944D1E64AA8600630EE8 /* Mall */ = {
			isa = PBXGroup;
			children = (
				F009A9C31E67D38500EBAD25 /* Mall.entitlements */,
				F0E8E6371E665FED00C68F85 /* GoogleService-Info.plist */,
				F00A94651E64D74B00630EE8 /* Source */,
				F00A944E1E64AA8600630EE8 /* AppDelegate.swift */,
				F00A94501E64AA8600630EE8 /* ViewController.swift */,
				F00A94521E64AA8600630EE8 /* Main.storyboard */,
				F00A94551E64AA8600630EE8 /* Assets.xcassets */,
				F00A94571E64AA8600630EE8 /* LaunchScreen.storyboard */,
				F0C2AC241E66215400612CBC /* MediaMenu.xcassets */,
				49FA82C11E67A52B00C909C5 /* MediaAuthentication.xcassets */,
				F00A945A1E64AA8600630EE8 /* Info.plist */,
			);
			path = Mall;
			sourceTree = "<group>";
		};
		F00A94651E64D74B00630EE8 /* Source */ = {
			isa = PBXGroup;
			children = (
				F0C2AC191E650B4A00612CBC /* SWRevealViewController */,
				F00A94711E64ED3800630EE8 /* Extensions */,
				F00A94661E64D74B00630EE8 /* ViewControllers */,
			);
			path = Source;
			sourceTree = "<group>";
		};
		F00A94661E64D74B00630EE8 /* ViewControllers */ = {
			isa = PBXGroup;
			children = (
				49FA82CF1E685FC200C909C5 /* Register */,
				49FA82CA1E67FE7600C909C5 /* IntroViewController */,
				F0E8E6321E66509F00C68F85 /* LogIn */,
				F00A946C1E64DA4300630EE8 /* Home */,
				F00A94671E64D86F00630EE8 /* LeftMenu */,
			);
			path = ViewControllers;
			sourceTree = "<group>";
		};
		F00A94671E64D86F00630EE8 /* LeftMenu */ = {
			isa = PBXGroup;
			children = (
				F0C2AC1D1E65213D00612CBC /* ItemMenu */,
				F00A94681E64D89000630EE8 /* LeftMenuViewController.swift */,
				F00A94691E64D89000630EE8 /* LeftMenuViewController.xib */,
			);
			path = LeftMenu;
			sourceTree = "<group>";
		};
		F00A946C1E64DA4300630EE8 /* Home */ = {
			isa = PBXGroup;
			children = (
				49FA82C31E67D8EE00C909C5 /* Views */,
				F00A946D1E64DA5100630EE8 /* HomeViewController.swift */,
				F00A946E1E64DA5100630EE8 /* HomeViewController.xib */,
			);
			path = Home;
			sourceTree = "<group>";
		};
		F00A94711E64ED3800630EE8 /* Extensions */ = {
			isa = PBXGroup;
			children = (
				F00A94721E64ED3800630EE8 /* ColorExtensions.swift */,
				F00A94731E64ED3800630EE8 /* NumberExtensions.swift */,
				F08FAD401E67BBEC0065A2C6 /* AppDelegateExtension.swift */,
			);
			path = Extensions;
			sourceTree = "<group>";
		};
		F0C2AC191E650B4A00612CBC /* SWRevealViewController */ = {
			isa = PBXGroup;
			children = (
				F0C2AC1A1E650B4A00612CBC /* SWRevealViewController.h */,
				F0C2AC1B1E650B4A00612CBC /* SWRevealViewController.m */,
			);
			path = SWRevealViewController;
			sourceTree = "<group>";
		};
		F0C2AC1D1E65213D00612CBC /* ItemMenu */ = {
			isa = PBXGroup;
			children = (
				F0C2AC1E1E65216300612CBC /* ItemMenuTableViewCell.swift */,
				F0C2AC1F1E65216300612CBC /* ItemMenuTableViewCell.xib */,
				F0C2AC221E652AD100612CBC /* ItemMenu.swift */,
			);
			path = ItemMenu;
			sourceTree = "<group>";
		};
		F0E8E6321E66509F00C68F85 /* LogIn */ = {
			isa = PBXGroup;
			children = (
				F0E8E6331E6650CC00C68F85 /* LogInViewController.swift */,
				F0E8E6341E6650CC00C68F85 /* LogInViewController.xib */,
			);
			path = LogIn;
			sourceTree = "<group>";
		};
/* End PBXGroup section */

/* Begin PBXNativeTarget section */
		F00A944A1E64AA8300630EE8 /* Mall */ = {
			isa = PBXNativeTarget;
			buildConfigurationList = F00A945D1E64AA8600630EE8 /* Build configuration list for PBXNativeTarget "Mall" */;
			buildPhases = (
				06D107560DABEC886BCAC3B6 /* [CP] Check Pods Manifest.lock */,
				F00A94471E64AA8300630EE8 /* Sources */,
				F00A94481E64AA8300630EE8 /* Frameworks */,
				F00A94491E64AA8300630EE8 /* Resources */,
				10470EE5483F9399FEC25497 /* [CP] Embed Pods Frameworks */,
				E57B49CBBA7A92BAC9CA800F /* [CP] Copy Pods Resources */,
			);
			buildRules = (
			);
			dependencies = (
			);
			name = Mall;
			productName = Mall;
			productReference = F00A944B1E64AA8600630EE8 /* Mall.app */;
			productType = "com.apple.product-type.application";
		};
/* End PBXNativeTarget section */

/* Begin PBXProject section */
		F00A94431E64AA8300630EE8 /* Project object */ = {
			isa = PBXProject;
			attributes = {
				LastSwiftUpdateCheck = 0820;
				LastUpgradeCheck = 0820;
				ORGANIZATIONNAME = "Next Latinoamérica";
				TargetAttributes = {
					F00A944A1E64AA8300630EE8 = {
						CreatedOnToolsVersion = 8.2.1;
						DevelopmentTeam = WB375LT285;
						ProvisioningStyle = Automatic;
						SystemCapabilities = {
							com.apple.BackgroundModes = {
								enabled = 1;
							};
							com.apple.Keychain = {
								enabled = 1;
							};
						};
					};
				};
			};
			buildConfigurationList = F00A94461E64AA8300630EE8 /* Build configuration list for PBXProject "Mall" */;
			compatibilityVersion = "Xcode 3.2";
			developmentRegion = English;
			hasScannedForEncodings = 0;
			knownRegions = (
				en,
				Base,
			);
			mainGroup = F00A94421E64AA8300630EE8;
			productRefGroup = F00A944C1E64AA8600630EE8 /* Products */;
			projectDirPath = "";
			projectRoot = "";
			targets = (
				F00A944A1E64AA8300630EE8 /* Mall */,
			);
		};
/* End PBXProject section */

/* Begin PBXResourcesBuildPhase section */
		F00A94491E64AA8300630EE8 /* Resources */ = {
			isa = PBXResourcesBuildPhase;
			buildActionMask = 2147483647;
			files = (
				F0E8E6361E6650CC00C68F85 /* LogInViewController.xib in Resources */,
				49E0EBA61E70E3750050EE18 /* RegisterViewController.xib in Resources */,
				F00A94591E64AA8600630EE8 /* LaunchScreen.storyboard in Resources */,
				49FA82C91E67E21A00C909C5 /* NewsViewCell.xib in Resources */,
				F0E8E6381E665FED00C68F85 /* GoogleService-Info.plist in Resources */,
				F0C2AC211E65216300612CBC /* ItemMenuTableViewCell.xib in Resources */,
				49FA82C21E67A52B00C909C5 /* MediaAuthentication.xcassets in Resources */,
				F00A94561E64AA8600630EE8 /* Assets.xcassets in Resources */,
				F00A94701E64DA5100630EE8 /* HomeViewController.xib in Resources */,
				F00A946B1E64D89000630EE8 /* LeftMenuViewController.xib in Resources */,
				49FA82CE1E67FEE500C909C5 /* MedialItems.xcstickers in Resources */,
				F00A94541E64AA8600630EE8 /* Main.storyboard in Resources */,
				F0C2AC251E66215400612CBC /* MediaMenu.xcassets in Resources */,
			);
			runOnlyForDeploymentPostprocessing = 0;
		};
/* End PBXResourcesBuildPhase section */

/* Begin PBXShellScriptBuildPhase section */
		06D107560DABEC886BCAC3B6 /* [CP] Check Pods Manifest.lock */ = {
			isa = PBXShellScriptBuildPhase;
			buildActionMask = 2147483647;
			files = (
			);
			inputPaths = (
			);
			name = "[CP] Check Pods Manifest.lock";
			outputPaths = (
			);
			runOnlyForDeploymentPostprocessing = 0;
			shellPath = /bin/sh;
			shellScript = "diff \"${PODS_ROOT}/../Podfile.lock\" \"${PODS_ROOT}/Manifest.lock\" > /dev/null\nif [ $? != 0 ] ; then\n    # print error to STDERR\n    echo \"error: The sandbox is not in sync with the Podfile.lock. Run 'pod install' or update your CocoaPods installation.\" >&2\n    exit 1\nfi\n";
			showEnvVarsInLog = 0;
		};
		10470EE5483F9399FEC25497 /* [CP] Embed Pods Frameworks */ = {
			isa = PBXShellScriptBuildPhase;
			buildActionMask = 2147483647;
			files = (
			);
			inputPaths = (
			);
			name = "[CP] Embed Pods Frameworks";
			outputPaths = (
			);
			runOnlyForDeploymentPostprocessing = 0;
			shellPath = /bin/sh;
			shellScript = "\"${SRCROOT}/Pods/Target Support Files/Pods-Mall/Pods-Mall-frameworks.sh\"\n";
			showEnvVarsInLog = 0;
		};
		E57B49CBBA7A92BAC9CA800F /* [CP] Copy Pods Resources */ = {
			isa = PBXShellScriptBuildPhase;
			buildActionMask = 2147483647;
			files = (
			);
			inputPaths = (
			);
			name = "[CP] Copy Pods Resources";
			outputPaths = (
			);
			runOnlyForDeploymentPostprocessing = 0;
			shellPath = /bin/sh;
			shellScript = "\"${SRCROOT}/Pods/Target Support Files/Pods-Mall/Pods-Mall-resources.sh\"\n";
			showEnvVarsInLog = 0;
		};
/* End PBXShellScriptBuildPhase section */

/* Begin PBXSourcesBuildPhase section */
		F00A94471E64AA8300630EE8 /* Sources */ = {
			isa = PBXSourcesBuildPhase;
			buildActionMask = 2147483647;
			files = (
				F0C2AC1C1E650B4A00612CBC /* SWRevealViewController.m in Sources */,
				F00A94511E64AA8600630EE8 /* ViewController.swift in Sources */,
				F00A94741E64ED3800630EE8 /* ColorExtensions.swift in Sources */,
				49FA82CC1E67FE9D00C909C5 /* IntroViewController.swift in Sources */,
				F00A944F1E64AA8600630EE8 /* AppDelegate.swift in Sources */,
				F00A946A1E64D89000630EE8 /* LeftMenuViewController.swift in Sources */,
				49E0EBA81E70FB010050EE18 /* RegisterView.swift in Sources */,
				F0C2AC201E65216300612CBC /* ItemMenuTableViewCell.swift in Sources */,
				F0C2AC231E652AD100612CBC /* ItemMenu.swift in Sources */,
				F00A94751E64ED3800630EE8 /* NumberExtensions.swift in Sources */,
				49E0EBA51E70E3750050EE18 /* RegisterViewController.swift in Sources */,
				49FA82C81E67E21A00C909C5 /* NewsViewCell.swift in Sources */,
				F0E8E6351E6650CC00C68F85 /* LogInViewController.swift in Sources */,
				F08FAD411E67BBEC0065A2C6 /* AppDelegateExtension.swift in Sources */,
				F00A946F1E64DA5100630EE8 /* HomeViewController.swift in Sources */,
			);
			runOnlyForDeploymentPostprocessing = 0;
		};
/* End PBXSourcesBuildPhase section */

/* Begin PBXVariantGroup section */
		F00A94521E64AA8600630EE8 /* Main.storyboard */ = {
			isa = PBXVariantGroup;
			children = (
				F00A94531E64AA8600630EE8 /* Base */,
			);
			name = Main.storyboard;
			sourceTree = "<group>";
		};
		F00A94571E64AA8600630EE8 /* LaunchScreen.storyboard */ = {
			isa = PBXVariantGroup;
			children = (
				F00A94581E64AA8600630EE8 /* Base */,
			);
			name = LaunchScreen.storyboard;
			sourceTree = "<group>";
		};
/* End PBXVariantGroup section */

/* Begin XCBuildConfiguration section */
		F00A945B1E64AA8600630EE8 /* Debug */ = {
			isa = XCBuildConfiguration;
			buildSettings = {
				ALWAYS_SEARCH_USER_PATHS = NO;
				CLANG_ANALYZER_NONNULL = YES;
				CLANG_CXX_LANGUAGE_STANDARD = "gnu++0x";
				CLANG_CXX_LIBRARY = "libc++";
				CLANG_ENABLE_MODULES = YES;
				CLANG_ENABLE_OBJC_ARC = YES;
				CLANG_WARN_BOOL_CONVERSION = YES;
				CLANG_WARN_CONSTANT_CONVERSION = YES;
				CLANG_WARN_DIRECT_OBJC_ISA_USAGE = YES_ERROR;
				CLANG_WARN_DOCUMENTATION_COMMENTS = YES;
				CLANG_WARN_EMPTY_BODY = YES;
				CLANG_WARN_ENUM_CONVERSION = YES;
				CLANG_WARN_INFINITE_RECURSION = YES;
				CLANG_WARN_INT_CONVERSION = YES;
				CLANG_WARN_OBJC_ROOT_CLASS = YES_ERROR;
				CLANG_WARN_SUSPICIOUS_MOVE = YES;
				CLANG_WARN_UNREACHABLE_CODE = YES;
				CLANG_WARN__DUPLICATE_METHOD_MATCH = YES;
				"CODE_SIGN_IDENTITY[sdk=iphoneos*]" = "iPhone Developer";
				COPY_PHASE_STRIP = NO;
				DEBUG_INFORMATION_FORMAT = dwarf;
				ENABLE_STRICT_OBJC_MSGSEND = YES;
				ENABLE_TESTABILITY = YES;
				GCC_C_LANGUAGE_STANDARD = gnu99;
				GCC_DYNAMIC_NO_PIC = NO;
				GCC_NO_COMMON_BLOCKS = YES;
				GCC_OPTIMIZATION_LEVEL = 0;
				GCC_PREPROCESSOR_DEFINITIONS = (
					"DEBUG=1",
					"$(inherited)",
				);
				GCC_WARN_64_TO_32_BIT_CONVERSION = YES;
				GCC_WARN_ABOUT_RETURN_TYPE = YES_ERROR;
				GCC_WARN_UNDECLARED_SELECTOR = YES;
				GCC_WARN_UNINITIALIZED_AUTOS = YES_AGGRESSIVE;
				GCC_WARN_UNUSED_FUNCTION = YES;
				GCC_WARN_UNUSED_VARIABLE = YES;
				IPHONEOS_DEPLOYMENT_TARGET = 10.2;
				MTL_ENABLE_DEBUG_INFO = YES;
				ONLY_ACTIVE_ARCH = YES;
				SDKROOT = iphoneos;
				SWIFT_ACTIVE_COMPILATION_CONDITIONS = DEBUG;
				SWIFT_OPTIMIZATION_LEVEL = "-Onone";
				TARGETED_DEVICE_FAMILY = "1,2";
			};
			name = Debug;
		};
		F00A945C1E64AA8600630EE8 /* Release */ = {
			isa = XCBuildConfiguration;
			buildSettings = {
				ALWAYS_SEARCH_USER_PATHS = NO;
				CLANG_ANALYZER_NONNULL = YES;
				CLANG_CXX_LANGUAGE_STANDARD = "gnu++0x";
				CLANG_CXX_LIBRARY = "libc++";
				CLANG_ENABLE_MODULES = YES;
				CLANG_ENABLE_OBJC_ARC = YES;
				CLANG_WARN_BOOL_CONVERSION = YES;
				CLANG_WARN_CONSTANT_CONVERSION = YES;
				CLANG_WARN_DIRECT_OBJC_ISA_USAGE = YES_ERROR;
				CLANG_WARN_DOCUMENTATION_COMMENTS = YES;
				CLANG_WARN_EMPTY_BODY = YES;
				CLANG_WARN_ENUM_CONVERSION = YES;
				CLANG_WARN_INFINITE_RECURSION = YES;
				CLANG_WARN_INT_CONVERSION = YES;
				CLANG_WARN_OBJC_ROOT_CLASS = YES_ERROR;
				CLANG_WARN_SUSPICIOUS_MOVE = YES;
				CLANG_WARN_UNREACHABLE_CODE = YES;
				CLANG_WARN__DUPLICATE_METHOD_MATCH = YES;
				"CODE_SIGN_IDENTITY[sdk=iphoneos*]" = "iPhone Developer";
				COPY_PHASE_STRIP = NO;
				DEBUG_INFORMATION_FORMAT = "dwarf-with-dsym";
				ENABLE_NS_ASSERTIONS = NO;
				ENABLE_STRICT_OBJC_MSGSEND = YES;
				GCC_C_LANGUAGE_STANDARD = gnu99;
				GCC_NO_COMMON_BLOCKS = YES;
				GCC_WARN_64_TO_32_BIT_CONVERSION = YES;
				GCC_WARN_ABOUT_RETURN_TYPE = YES_ERROR;
				GCC_WARN_UNDECLARED_SELECTOR = YES;
				GCC_WARN_UNINITIALIZED_AUTOS = YES_AGGRESSIVE;
				GCC_WARN_UNUSED_FUNCTION = YES;
				GCC_WARN_UNUSED_VARIABLE = YES;
				IPHONEOS_DEPLOYMENT_TARGET = 10.2;
				MTL_ENABLE_DEBUG_INFO = NO;
				SDKROOT = iphoneos;
				SWIFT_OPTIMIZATION_LEVEL = "-Owholemodule";
				TARGETED_DEVICE_FAMILY = "1,2";
				VALIDATE_PRODUCT = YES;
			};
			name = Release;
		};
		F00A945E1E64AA8600630EE8 /* Debug */ = {
			isa = XCBuildConfiguration;
			baseConfigurationReference = F4675C2791E1BACACCC49343 /* Pods-Mall.debug.xcconfig */;
			buildSettings = {
				ASSETCATALOG_COMPILER_APPICON_NAME = AppIcon;
				CODE_SIGN_ENTITLEMENTS = Mall/Mall.entitlements;
				DEVELOPMENT_TEAM = WB375LT285;
				INFOPLIST_FILE = Mall/Info.plist;
				IPHONEOS_DEPLOYMENT_TARGET = 9.0;
				LD_RUNPATH_SEARCH_PATHS = "$(inherited) @executable_path/Frameworks";
				PRODUCT_BUNDLE_IDENTIFIER = com.nextlatam.mall2;
				PRODUCT_NAME = "$(TARGET_NAME)";
				SWIFT_OBJC_BRIDGING_HEADER = "Mall-Header.h";
				SWIFT_VERSION = 3.0;
			};
			name = Debug;
		};
		F00A945F1E64AA8600630EE8 /* Release */ = {
			isa = XCBuildConfiguration;
			baseConfigurationReference = CA497B72188E32824980D6B8 /* Pods-Mall.release.xcconfig */;
			buildSettings = {
				ASSETCATALOG_COMPILER_APPICON_NAME = AppIcon;
				CODE_SIGN_ENTITLEMENTS = Mall/Mall.entitlements;
				DEVELOPMENT_TEAM = WB375LT285;
				INFOPLIST_FILE = Mall/Info.plist;
				IPHONEOS_DEPLOYMENT_TARGET = 9.0;
				LD_RUNPATH_SEARCH_PATHS = "$(inherited) @executable_path/Frameworks";
				PRODUCT_BUNDLE_IDENTIFIER = com.nextlatam.mall2;
				PRODUCT_NAME = "$(TARGET_NAME)";
				SWIFT_OBJC_BRIDGING_HEADER = "Mall-Header.h";
				SWIFT_VERSION = 3.0;
			};
			name = Release;
		};
/* End XCBuildConfiguration section */

/* Begin XCConfigurationList section */
		F00A94461E64AA8300630EE8 /* Build configuration list for PBXProject "Mall" */ = {
			isa = XCConfigurationList;
			buildConfigurations = (
				F00A945B1E64AA8600630EE8 /* Debug */,
				F00A945C1E64AA8600630EE8 /* Release */,
			);
			defaultConfigurationIsVisible = 0;
			defaultConfigurationName = Release;
		};
		F00A945D1E64AA8600630EE8 /* Build configuration list for PBXNativeTarget "Mall" */ = {
			isa = XCConfigurationList;
			buildConfigurations = (
				F00A945E1E64AA8600630EE8 /* Debug */,
				F00A945F1E64AA8600630EE8 /* Release */,
			);
			defaultConfigurationIsVisible = 0;
			defaultConfigurationName = Release;
		};
/* End XCConfigurationList section */
	};
	rootObject = F00A94431E64AA8300630EE8 /* Project object */;
}
